
Microsoft Visual Studio Solution File, Format Version 12.00
# Visual Studio Version 16
VisualStudioVersion = 16.0.30907.101
MinimumVisualStudioVersion = 10.0.40219.1
Project("{FAE04EC0-301F-11D3-BF4B-00C04F79EFBC}") = "PlayFabUploader", "PlayFabUploader.csproj", "{C3EB6659-529E-4DB0-8EC4-2FE37329F423}"
EndProject
Global
	GlobalSection(SolutionConfigurationPlatforms) = preSolution
		Debug|Any CPU = Debug|Any CPU
		Release|Any CPU = Release|Any CPU
	EndGlobalSection
	GlobalSection(ProjectConfigurationPlatforms) = postSolution
		{C3EB6659-529E-4DB0-8EC4-2FE37329F423}.Debug|Any CPU.ActiveCfg = Debug|Any CPU
		{C3EB6659-529E-4DB0-8EC4-2FE37329F423}.Debug|Any CPU.Build.0 = Debug|Any CPU
		{C3EB6659-529E-4DB0-8EC4-2FE37329F423}.Release|Any CPU.ActiveCfg = Release|Any CPU
		{C3EB6659-529E-4DB0-8EC4-2FE37329F423}.Release|Any CPU.Build.0 = Release|Any CPU
	EndGlobalSection
	GlobalSection(SolutionProperties) = preSolution
		HideSolutionNode = FALSE
	EndGlobalSection
	GlobalSection(ExtensibilityGlobals) = postSolution
		SolutionGuid = {99C8E554-3089-458D-92AA-D6E25773C87C}
	EndGlobalSection
EndGlobal
